
Microsoft Visual Studio Solution File, Format Version 12.00
# Visual Studio Version 17
VisualStudioVersion = 17.13.35825.156
MinimumVisualStudioVersion = 10.0.40219.1
Project("{8BC9CEB8-8B4A-11D0-8D11-00A0C91BC942}") = "Study", "Study\Study.vcxproj", "{B668AAA0-B5A0-457A-9347-0010F6C87B40}"
EndProject
Project("{8BC9CEB8-8B4A-11D0-8D11-00A0C91BC942}") = "my_opencv", "my_opencv\my_opencv.vcxproj", "{710F1F3C-DF11-420B-BB20-DC716E3982EC}"
EndProject
Project("{8BC9CEB8-8B4A-11D0-8D11-00A0C91BC942}") = "my_gstreamer", "my_gstreamer\my_gstreamer.vcxproj", "{1F4A5C88-945D-4ABF-8B4E-5D7E40CC1C2E}"
EndProject
Project("{8BC9CEB8-8B4A-11D0-8D11-00A0C91BC942}") = "industrialCream", "industrialCream\industrialCream.vcxproj", "{9391CF24-3786-4351-A0B4-442FD6F31A67}"
EndProject
Project("{8BC9CEB8-8B4A-11D0-8D11-00A0C91BC942}") = "my_opengl_imgui", "my_opengl_imgui\my_opengl_imgui.vcxproj", "{207EA660-D7CC-48C3-986D-325BF95D3E59}"
EndProject
Project("{8BC9CEB8-8B4A-11D0-8D11-00A0C91BC942}") = "LearnOpenGL", "LearnOpenGL\LearnOpenGL.vcxproj", "{D894CBE4-8724-481D-89EA-7DA709337C47}"
EndProject
Project("{8BC9CEB8-8B4A-11D0-8D11-00A0C91BC942}") = "PCL", "PCL\PCL.vcxproj", "{10F962B5-8442-4EF4-BC09-EEBF1686D6C8}"
EndProject
Project("{8BC9CEB8-8B4A-11D0-8D11-00A0C91BC942}") = "AssimpDemo", "AssimpDemo\AssimpDemo.vcxproj", "{E8811BFD-7511-45C3-A7FD-19C8B5CB2D16}"
EndProject
Project("{8BC9CEB8-8B4A-11D0-8D11-00A0C91BC942}") = "ffmpegStreamPusher", "ffmpegStreamPusher\ffmpegStreamPusher.vcxproj", "{06583069-0291-4477-975A-B40C7EE7E8D2}"
EndProject
Project("{8BC9CEB8-8B4A-11D0-8D11-00A0C91BC942}") = "http", "http\http.vcxproj", "{1D01EB52-462F-491D-AB68-131558ACB3EB}"
EndProject
Project("{8BC9CEB8-8B4A-11D0-8D11-00A0C91BC942}") = "onnx", "onnx\onnx.vcxproj", "{DED5B098-DC52-4CA9-8FBF-295C83903671}"
EndProject
Project("{8BC9CEB8-8B4A-11D0-8D11-00A0C91BC942}") = "pybind11_python", "pybind11_python\pybind11_python.vcxproj", "{15A0069E-444A-4089-B083-081D0AF9ADC5}"
EndProject
Project("{8BC9CEB8-8B4A-11D0-8D11-00A0C91BC942}") = "ffmpegOpencvShow", "ffmpegOpencvShow\ffmpeg_win.vcxproj", "{BDBEE289-7FA9-418B-8E68-746E23BC78A2}"
EndProject
Project("{8BC9CEB8-8B4A-11D0-8D11-00A0C91BC942}") = "ffmpegOpenGLShow", "ffmpegOpenGLShow\OpenGL_demo.vcxproj", "{98E7C861-CD36-4E4B-AC24-3C3560DE11F7}"
EndProject
Global
	GlobalSection(SolutionConfigurationPlatforms) = preSolution
		Debug|ARM = Debug|ARM
		Debug|ARM64 = Debug|ARM64
		Debug|x64 = Debug|x64
		Debug|x86 = Debug|x86
		Release|ARM = Release|ARM
		Release|ARM64 = Release|ARM64
		Release|x64 = Release|x64
		Release|x86 = Release|x86
	EndGlobalSection
	GlobalSection(ProjectConfigurationPlatforms) = postSolution
		{B668AAA0-B5A0-457A-9347-0010F6C87B40}.Debug|ARM.ActiveCfg = Debug|Win32
		{B668AAA0-B5A0-457A-9347-0010F6C87B40}.Debug|ARM64.ActiveCfg = Debug|Win32
		{B668AAA0-B5A0-457A-9347-0010F6C87B40}.Debug|x64.ActiveCfg = Debug|x64
		{B668AAA0-B5A0-457A-9347-0010F6C87B40}.Debug|x64.Build.0 = Debug|x64
		{B668AAA0-B5A0-457A-9347-0010F6C87B40}.Debug|x86.ActiveCfg = Debug|Win32
		{B668AAA0-B5A0-457A-9347-0010F6C87B40}.Debug|x86.Build.0 = Debug|Win32
		{B668AAA0-B5A0-457A-9347-0010F6C87B40}.Release|ARM.ActiveCfg = Release|Win32
		{B668AAA0-B5A0-457A-9347-0010F6C87B40}.Release|ARM64.ActiveCfg = Release|Win32
		{B668AAA0-B5A0-457A-9347-0010F6C87B40}.Release|x64.ActiveCfg = Release|x64
		{B668AAA0-B5A0-457A-9347-0010F6C87B40}.Release|x64.Build.0 = Release|x64
		{B668AAA0-B5A0-457A-9347-0010F6C87B40}.Release|x86.ActiveCfg = Release|Win32
		{B668AAA0-B5A0-457A-9347-0010F6C87B40}.Release|x86.Build.0 = Release|Win32
		{710F1F3C-DF11-420B-BB20-DC716E3982EC}.Debug|ARM.ActiveCfg = Debug|Win32
		{710F1F3C-DF11-420B-BB20-DC716E3982EC}.Debug|ARM64.ActiveCfg = Debug|Win32
		{710F1F3C-DF11-420B-BB20-DC716E3982EC}.Debug|x64.ActiveCfg = Debug|x64
		{710F1F3C-DF11-420B-BB20-DC716E3982EC}.Debug|x64.Build.0 = Debug|x64
		{710F1F3C-DF11-420B-BB20-DC716E3982EC}.Debug|x86.ActiveCfg = Debug|Win32
		{710F1F3C-DF11-420B-BB20-DC716E3982EC}.Debug|x86.Build.0 = Debug|Win32
		{710F1F3C-DF11-420B-BB20-DC716E3982EC}.Release|ARM.ActiveCfg = Release|Win32
		{710F1F3C-DF11-420B-BB20-DC716E3982EC}.Release|ARM64.ActiveCfg = Release|Win32
		{710F1F3C-DF11-420B-BB20-DC716E3982EC}.Release|x64.ActiveCfg = Release|x64
		{710F1F3C-DF11-420B-BB20-DC716E3982EC}.Release|x64.Build.0 = Release|x64
		{710F1F3C-DF11-420B-BB20-DC716E3982EC}.Release|x86.ActiveCfg = Release|Win32
		{710F1F3C-DF11-420B-BB20-DC716E3982EC}.Release|x86.Build.0 = Release|Win32
		{1F4A5C88-945D-4ABF-8B4E-5D7E40CC1C2E}.Debug|ARM.ActiveCfg = Debug|Win32
		{1F4A5C88-945D-4ABF-8B4E-5D7E40CC1C2E}.Debug|ARM64.ActiveCfg = Debug|Win32
		{1F4A5C88-945D-4ABF-8B4E-5D7E40CC1C2E}.Debug|x64.ActiveCfg = Debug|x64
		{1F4A5C88-945D-4ABF-8B4E-5D7E40CC1C2E}.Debug|x64.Build.0 = Debug|x64
		{1F4A5C88-945D-4ABF-8B4E-5D7E40CC1C2E}.Debug|x86.ActiveCfg = Debug|Win32
		{1F4A5C88-945D-4ABF-8B4E-5D7E40CC1C2E}.Debug|x86.Build.0 = Debug|Win32
		{1F4A5C88-945D-4ABF-8B4E-5D7E40CC1C2E}.Release|ARM.ActiveCfg = Release|Win32
		{1F4A5C88-945D-4ABF-8B4E-5D7E40CC1C2E}.Release|ARM64.ActiveCfg = Release|Win32
		{1F4A5C88-945D-4ABF-8B4E-5D7E40CC1C2E}.Release|x64.ActiveCfg = Release|x64
		{1F4A5C88-945D-4ABF-8B4E-5D7E40CC1C2E}.Release|x64.Build.0 = Release|x64
		{1F4A5C88-945D-4ABF-8B4E-5D7E40CC1C2E}.Release|x86.ActiveCfg = Release|Win32
		{1F4A5C88-945D-4ABF-8B4E-5D7E40CC1C2E}.Release|x86.Build.0 = Release|Win32
		{9391CF24-3786-4351-A0B4-442FD6F31A67}.Debug|ARM.ActiveCfg = Debug|Win32
		{9391CF24-3786-4351-A0B4-442FD6F31A67}.Debug|ARM64.ActiveCfg = Debug|Win32
		{9391CF24-3786-4351-A0B4-442FD6F31A67}.Debug|x64.ActiveCfg = Debug|x64
		{9391CF24-3786-4351-A0B4-442FD6F31A67}.Debug|x64.Build.0 = Debug|x64
		{9391CF24-3786-4351-A0B4-442FD6F31A67}.Debug|x86.ActiveCfg = Debug|Win32
		{9391CF24-3786-4351-A0B4-442FD6F31A67}.Debug|x86.Build.0 = Debug|Win32
		{9391CF24-3786-4351-A0B4-442FD6F31A67}.Release|ARM.ActiveCfg = Release|Win32
		{9391CF24-3786-4351-A0B4-442FD6F31A67}.Release|ARM64.ActiveCfg = Release|Win32
		{9391CF24-3786-4351-A0B4-442FD6F31A67}.Release|x64.ActiveCfg = Release|x64
		{9391CF24-3786-4351-A0B4-442FD6F31A67}.Release|x64.Build.0 = Release|x64
		{9391CF24-3786-4351-A0B4-442FD6F31A67}.Release|x86.ActiveCfg = Release|Win32
		{9391CF24-3786-4351-A0B4-442FD6F31A67}.Release|x86.Build.0 = Release|Win32
		{207EA660-D7CC-48C3-986D-325BF95D3E59}.Debug|ARM.ActiveCfg = Debug|Win32
		{207EA660-D7CC-48C3-986D-325BF95D3E59}.Debug|ARM64.ActiveCfg = Debug|Win32
		{207EA660-D7CC-48C3-986D-325BF95D3E59}.Debug|x64.ActiveCfg = Debug|x64
		{207EA660-D7CC-48C3-986D-325BF95D3E59}.Debug|x64.Build.0 = Debug|x64
		{207EA660-D7CC-48C3-986D-325BF95D3E59}.Debug|x86.ActiveCfg = Debug|Win32
		{207EA660-D7CC-48C3-986D-325BF95D3E59}.Debug|x86.Build.0 = Debug|Win32
		{207EA660-D7CC-48C3-986D-325BF95D3E59}.Release|ARM.ActiveCfg = Release|Win32
		{207EA660-D7CC-48C3-986D-325BF95D3E59}.Release|ARM64.ActiveCfg = Release|Win32
		{207EA660-D7CC-48C3-986D-325BF95D3E59}.Release|x64.ActiveCfg = Release|x64
		{207EA660-D7CC-48C3-986D-325BF95D3E59}.Release|x64.Build.0 = Release|x64
		{207EA660-D7CC-48C3-986D-325BF95D3E59}.Release|x86.ActiveCfg = Release|Win32
		{207EA660-D7CC-48C3-986D-325BF95D3E59}.Release|x86.Build.0 = Release|Win32
		{D894CBE4-8724-481D-89EA-7DA709337C47}.Debug|ARM.ActiveCfg = Debug|Win32
		{D894CBE4-8724-481D-89EA-7DA709337C47}.Debug|ARM64.ActiveCfg = Debug|Win32
		{D894CBE4-8724-481D-89EA-7DA709337C47}.Debug|x64.ActiveCfg = Debug|x64
		{D894CBE4-8724-481D-89EA-7DA709337C47}.Debug|x64.Build.0 = Debug|x64
		{D894CBE4-8724-481D-89EA-7DA709337C47}.Debug|x86.ActiveCfg = Debug|Win32
		{D894CBE4-8724-481D-89EA-7DA709337C47}.Debug|x86.Build.0 = Debug|Win32
		{D894CBE4-8724-481D-89EA-7DA709337C47}.Release|ARM.ActiveCfg = Release|Win32
		{D894CBE4-8724-481D-89EA-7DA709337C47}.Release|ARM64.ActiveCfg = Release|Win32
		{D894CBE4-8724-481D-89EA-7DA709337C47}.Release|x64.ActiveCfg = Release|x64
		{D894CBE4-8724-481D-89EA-7DA709337C47}.Release|x64.Build.0 = Release|x64
		{D894CBE4-8724-481D-89EA-7DA709337C47}.Release|x86.ActiveCfg = Release|Win32
		{D894CBE4-8724-481D-89EA-7DA709337C47}.Release|x86.Build.0 = Release|Win32
		{10F962B5-8442-4EF4-BC09-EEBF1686D6C8}.Debug|ARM.ActiveCfg = Debug|Win32
		{10F962B5-8442-4EF4-BC09-EEBF1686D6C8}.Debug|ARM64.ActiveCfg = Debug|Win32
		{10F962B5-8442-4EF4-BC09-EEBF1686D6C8}.Debug|x64.ActiveCfg = Debug|x64
		{10F962B5-8442-4EF4-BC09-EEBF1686D6C8}.Debug|x64.Build.0 = Debug|x64
		{10F962B5-8442-4EF4-BC09-EEBF1686D6C8}.Debug|x86.ActiveCfg = Debug|Win32
		{10F962B5-8442-4EF4-BC09-EEBF1686D6C8}.Debug|x86.Build.0 = Debug|Win32
		{10F962B5-8442-4EF4-BC09-EEBF1686D6C8}.Release|ARM.ActiveCfg = Release|Win32
		{10F962B5-8442-4EF4-BC09-EEBF1686D6C8}.Release|ARM64.ActiveCfg = Release|Win32
		{10F962B5-8442-4EF4-BC09-EEBF1686D6C8}.Release|x64.ActiveCfg = Release|x64
		{10F962B5-8442-4EF4-BC09-EEBF1686D6C8}.Release|x64.Build.0 = Release|x64
		{10F962B5-8442-4EF4-BC09-EEBF1686D6C8}.Release|x86.ActiveCfg = Release|Win32
		{10F962B5-8442-4EF4-BC09-EEBF1686D6C8}.Release|x86.Build.0 = Release|Win32
		{E8811BFD-7511-45C3-A7FD-19C8B5CB2D16}.Debug|ARM.ActiveCfg = Debug|Win32
		{E8811BFD-7511-45C3-A7FD-19C8B5CB2D16}.Debug|ARM64.ActiveCfg = Debug|Win32
		{E8811BFD-7511-45C3-A7FD-19C8B5CB2D16}.Debug|x64.ActiveCfg = Debug|x64
		{E8811BFD-7511-45C3-A7FD-19C8B5CB2D16}.Debug|x64.Build.0 = Debug|x64
		{E8811BFD-7511-45C3-A7FD-19C8B5CB2D16}.Debug|x86.ActiveCfg = Debug|Win32
		{E8811BFD-7511-45C3-A7FD-19C8B5CB2D16}.Debug|x86.Build.0 = Debug|Win32
		{E8811BFD-7511-45C3-A7FD-19C8B5CB2D16}.Release|ARM.ActiveCfg = Release|Win32
		{E8811BFD-7511-45C3-A7FD-19C8B5CB2D16}.Release|ARM64.ActiveCfg = Release|Win32
		{E8811BFD-7511-45C3-A7FD-19C8B5CB2D16}.Release|x64.ActiveCfg = Release|x64
		{E8811BFD-7511-45C3-A7FD-19C8B5CB2D16}.Release|x64.Build.0 = Release|x64
		{E8811BFD-7511-45C3-A7FD-19C8B5CB2D16}.Release|x86.ActiveCfg = Release|Win32
		{E8811BFD-7511-45C3-A7FD-19C8B5CB2D16}.Release|x86.Build.0 = Release|Win32
		{06583069-0291-4477-975A-B40C7EE7E8D2}.Debug|ARM.ActiveCfg = Debug|Win32
		{06583069-0291-4477-975A-B40C7EE7E8D2}.Debug|ARM64.ActiveCfg = Debug|Win32
		{06583069-0291-4477-975A-B40C7EE7E8D2}.Debug|x64.ActiveCfg = Debug|x64
		{06583069-0291-4477-975A-B40C7EE7E8D2}.Debug|x64.Build.0 = Debug|x64
		{06583069-0291-4477-975A-B40C7EE7E8D2}.Debug|x86.ActiveCfg = Debug|Win32
		{06583069-0291-4477-975A-B40C7EE7E8D2}.Debug|x86.Build.0 = Debug|Win32
		{06583069-0291-4477-975A-B40C7EE7E8D2}.Release|ARM.ActiveCfg = Release|Win32
		{06583069-0291-4477-975A-B40C7EE7E8D2}.Release|ARM64.ActiveCfg = Release|Win32
		{06583069-0291-4477-975A-B40C7EE7E8D2}.Release|x64.ActiveCfg = Release|x64
		{06583069-0291-4477-975A-B40C7EE7E8D2}.Release|x64.Build.0 = Release|x64
		{06583069-0291-4477-975A-B40C7EE7E8D2}.Release|x86.ActiveCfg = Release|Win32
		{06583069-0291-4477-975A-B40C7EE7E8D2}.Release|x86.Build.0 = Release|Win32
		{1D01EB52-462F-491D-AB68-131558ACB3EB}.Debug|ARM.ActiveCfg = Debug|Win32
		{1D01EB52-462F-491D-AB68-131558ACB3EB}.Debug|ARM64.ActiveCfg = Debug|Win32
		{1D01EB52-462F-491D-AB68-131558ACB3EB}.Debug|x64.ActiveCfg = Debug|x64
		{1D01EB52-462F-491D-AB68-131558ACB3EB}.Debug|x64.Build.0 = Debug|x64
		{1D01EB52-462F-491D-AB68-131558ACB3EB}.Debug|x86.ActiveCfg = Debug|Win32
		{1D01EB52-462F-491D-AB68-131558ACB3EB}.Debug|x86.Build.0 = Debug|Win32
		{1D01EB52-462F-491D-AB68-131558ACB3EB}.Release|ARM.ActiveCfg = Release|Win32
		{1D01EB52-462F-491D-AB68-131558ACB3EB}.Release|ARM64.ActiveCfg = Release|Win32
		{1D01EB52-462F-491D-AB68-131558ACB3EB}.Release|x64.ActiveCfg = Release|x64
		{1D01EB52-462F-491D-AB68-131558ACB3EB}.Release|x64.Build.0 = Release|x64
		{1D01EB52-462F-491D-AB68-131558ACB3EB}.Release|x86.ActiveCfg = Release|Win32
		{1D01EB52-462F-491D-AB68-131558ACB3EB}.Release|x86.Build.0 = Release|Win32
		{DED5B098-DC52-4CA9-8FBF-295C83903671}.Debug|ARM.ActiveCfg = Debug|Win32
		{DED5B098-DC52-4CA9-8FBF-295C83903671}.Debug|ARM64.ActiveCfg = Debug|Win32
		{DED5B098-DC52-4CA9-8FBF-295C83903671}.Debug|x64.ActiveCfg = Debug|x64
		{DED5B098-DC52-4CA9-8FBF-295C83903671}.Debug|x64.Build.0 = Debug|x64
		{DED5B098-DC52-4CA9-8FBF-295C83903671}.Debug|x86.ActiveCfg = Debug|Win32
		{DED5B098-DC52-4CA9-8FBF-295C83903671}.Debug|x86.Build.0 = Debug|Win32
		{DED5B098-DC52-4CA9-8FBF-295C83903671}.Release|ARM.ActiveCfg = Release|Win32
		{DED5B098-DC52-4CA9-8FBF-295C83903671}.Release|ARM64.ActiveCfg = Release|Win32
		{DED5B098-DC52-4CA9-8FBF-295C83903671}.Release|x64.ActiveCfg = Release|x64
		{DED5B098-DC52-4CA9-8FBF-295C83903671}.Release|x64.Build.0 = Release|x64
		{DED5B098-DC52-4CA9-8FBF-295C83903671}.Release|x86.ActiveCfg = Release|Win32
		{DED5B098-DC52-4CA9-8FBF-295C83903671}.Release|x86.Build.0 = Release|Win32
		{15A0069E-444A-4089-B083-081D0AF9ADC5}.Debug|ARM.ActiveCfg = Debug|Win32
		{15A0069E-444A-4089-B083-081D0AF9ADC5}.Debug|ARM64.ActiveCfg = Debug|Win32
		{15A0069E-444A-4089-B083-081D0AF9ADC5}.Debug|x64.ActiveCfg = Debug|x64
		{15A0069E-444A-4089-B083-081D0AF9ADC5}.Debug|x64.Build.0 = Debug|x64
		{15A0069E-444A-4089-B083-081D0AF9ADC5}.Debug|x86.ActiveCfg = Debug|Win32
		{15A0069E-444A-4089-B083-081D0AF9ADC5}.Debug|x86.Build.0 = Debug|Win32
		{15A0069E-444A-4089-B083-081D0AF9ADC5}.Release|ARM.ActiveCfg = Release|Win32
		{15A0069E-444A-4089-B083-081D0AF9ADC5}.Release|ARM64.ActiveCfg = Release|Win32
		{15A0069E-444A-4089-B083-081D0AF9ADC5}.Release|x64.ActiveCfg = Release|x64
		{15A0069E-444A-4089-B083-081D0AF9ADC5}.Release|x64.Build.0 = Release|x64
		{15A0069E-444A-4089-B083-081D0AF9ADC5}.Release|x86.ActiveCfg = Release|Win32
		{15A0069E-444A-4089-B083-081D0AF9ADC5}.Release|x86.Build.0 = Release|Win32
		{BDBEE289-7FA9-418B-8E68-746E23BC78A2}.Debug|ARM.ActiveCfg = Debug|x64
		{BDBEE289-7FA9-418B-8E68-746E23BC78A2}.Debug|ARM.Build.0 = Debug|x64
		{BDBEE289-7FA9-418B-8E68-746E23BC78A2}.Debug|ARM64.ActiveCfg = Debug|x64
		{BDBEE289-7FA9-418B-8E68-746E23BC78A2}.Debug|ARM64.Build.0 = Debug|x64
		{BDBEE289-7FA9-418B-8E68-746E23BC78A2}.Debug|x64.ActiveCfg = Debug|x64
		{BDBEE289-7FA9-418B-8E68-746E23BC78A2}.Debug|x64.Build.0 = Debug|x64
		{BDBEE289-7FA9-418B-8E68-746E23BC78A2}.Debug|x86.ActiveCfg = Debug|Win32
		{BDBEE289-7FA9-418B-8E68-746E23BC78A2}.Debug|x86.Build.0 = Debug|Win32
		{BDBEE289-7FA9-418B-8E68-746E23BC78A2}.Release|ARM.ActiveCfg = Release|x64
		{BDBEE289-7FA9-418B-8E68-746E23BC78A2}.Release|ARM.Build.0 = Release|x64
		{BDBEE289-7FA9-418B-8E68-746E23BC78A2}.Release|ARM64.ActiveCfg = Release|x64
		{BDBEE289-7FA9-418B-8E68-746E23BC78A2}.Release|ARM64.Build.0 = Release|x64
		{BDBEE289-7FA9-418B-8E68-746E23BC78A2}.Release|x64.ActiveCfg = Release|x64
		{BDBEE289-7FA9-418B-8E68-746E23BC78A2}.Release|x64.Build.0 = Release|x64
		{BDBEE289-7FA9-418B-8E68-746E23BC78A2}.Release|x86.ActiveCfg = Release|Win32
		{BDBEE289-7FA9-418B-8E68-746E23BC78A2}.Release|x86.Build.0 = Release|Win32
		{98E7C861-CD36-4E4B-AC24-3C3560DE11F7}.Debug|ARM.ActiveCfg = Debug|x64
		{98E7C861-CD36-4E4B-AC24-3C3560DE11F7}.Debug|ARM.Build.0 = Debug|x64
		{98E7C861-CD36-4E4B-AC24-3C3560DE11F7}.Debug|ARM64.ActiveCfg = Debug|x64
		{98E7C861-CD36-4E4B-AC24-3C3560DE11F7}.Debug|ARM64.Build.0 = Debug|x64
		{98E7C861-CD36-4E4B-AC24-3C3560DE11F7}.Debug|x64.ActiveCfg = Debug|x64
		{98E7C861-CD36-4E4B-AC24-3C3560DE11F7}.Debug|x64.Build.0 = Debug|x64
		{98E7C861-CD36-4E4B-AC24-3C3560DE11F7}.Debug|x86.ActiveCfg = Debug|Win32
		{98E7C861-CD36-4E4B-AC24-3C3560DE11F7}.Debug|x86.Build.0 = Debug|Win32
		{98E7C861-CD36-4E4B-AC24-3C3560DE11F7}.Release|ARM.ActiveCfg = Release|x64
		{98E7C861-CD36-4E4B-AC24-3C3560DE11F7}.Release|ARM.Build.0 = Release|x64
		{98E7C861-CD36-4E4B-AC24-3C3560DE11F7}.Release|ARM64.ActiveCfg = Release|x64
		{98E7C861-CD36-4E4B-AC24-3C3560DE11F7}.Release|ARM64.Build.0 = Release|x64
		{98E7C861-CD36-4E4B-AC24-3C3560DE11F7}.Release|x64.ActiveCfg = Release|x64
		{98E7C861-CD36-4E4B-AC24-3C3560DE11F7}.Release|x64.Build.0 = Release|x64
		{98E7C861-CD36-4E4B-AC24-3C3560DE11F7}.Release|x86.ActiveCfg = Release|Win32
		{98E7C861-CD36-4E4B-AC24-3C3560DE11F7}.Release|x86.Build.0 = Release|Win32
	EndGlobalSection
	GlobalSection(SolutionProperties) = preSolution
		HideSolutionNode = FALSE
	EndGlobalSection
	GlobalSection(ExtensibilityGlobals) = postSolution
		SolutionGuid = {273E0334-86A9-4F4B-B1AF-970BC122CD46}
	EndGlobalSection
EndGlobal
